
Microsoft Visual Studio Solution File, Format Version 12.00
# Visual Studio Version 17
VisualStudioVersion = 17.10.35122.118
MinimumVisualStudioVersion = 10.0.40219.1
Project("{FAE04EC0-301F-11D3-BF4B-00C04F79EFBC}") = "Contato.Cadastrar", "Contato.Cadastrar\Contato.Cadastrar.csproj", "{B3512089-FF60-4F70-A03A-FECE6A5F6AD7}"
EndProject
Project("{FAE04EC0-301F-11D3-BF4B-00C04F79EFBC}") = "Contato.Atualizar", "Contato.Atualizar\Contato.Atualizar.csproj", "{D439AF64-05CF-43B9-A85D-7D542F8B602F}"
EndProject
Project("{FAE04EC0-301F-11D3-BF4B-00C04F79EFBC}") = "Contato.Excluir", "Contato.Excluir\Contato.Excluir.csproj", "{1803D6D4-77E5-4B72-929A-01794CE66485}"
EndProject
Global
	GlobalSection(SolutionConfigurationPlatforms) = preSolution
		Debug|Any CPU = Debug|Any CPU
		Release|Any CPU = Release|Any CPU
	EndGlobalSection
	GlobalSection(ProjectConfigurationPlatforms) = postSolution
		{B3512089-FF60-4F70-A03A-FECE6A5F6AD7}.Debug|Any CPU.ActiveCfg = Debug|Any CPU
		{B3512089-FF60-4F70-A03A-FECE6A5F6AD7}.Debug|Any CPU.Build.0 = Debug|Any CPU
		{B3512089-FF60-4F70-A03A-FECE6A5F6AD7}.Release|Any CPU.ActiveCfg = Release|Any CPU
		{B3512089-FF60-4F70-A03A-FECE6A5F6AD7}.Release|Any CPU.Build.0 = Release|Any CPU
		{D439AF64-05CF-43B9-A85D-7D542F8B602F}.Debug|Any CPU.ActiveCfg = Debug|Any CPU
		{D439AF64-05CF-43B9-A85D-7D542F8B602F}.Debug|Any CPU.Build.0 = Debug|Any CPU
		{D439AF64-05CF-43B9-A85D-7D542F8B602F}.Release|Any CPU.ActiveCfg = Release|Any CPU
		{D439AF64-05CF-43B9-A85D-7D542F8B602F}.Release|Any CPU.Build.0 = Release|Any CPU
		{1803D6D4-77E5-4B72-929A-01794CE66485}.Debug|Any CPU.ActiveCfg = Debug|Any CPU
		{1803D6D4-77E5-4B72-929A-01794CE66485}.Debug|Any CPU.Build.0 = Debug|Any CPU
		{1803D6D4-77E5-4B72-929A-01794CE66485}.Release|Any CPU.ActiveCfg = Release|Any CPU
		{1803D6D4-77E5-4B72-929A-01794CE66485}.Release|Any CPU.Build.0 = Release|Any CPU
	EndGlobalSection
	GlobalSection(SolutionProperties) = preSolution
		HideSolutionNode = FALSE
	EndGlobalSection
	GlobalSection(ExtensibilityGlobals) = postSolution
		SolutionGuid = {8C882803-176C-477E-B755-7FB23AE34A4B}
	EndGlobalSection
EndGlobal
